// !$*UTF8*$!
{
	archiveVersion = 1;
	classes = {
	};
	objectVersion = 56;
	objects = {

/* Begin PBXBuildFile section */
		C8A59F4A29FB132000C0B541 /* WebTech_HW9App.swift in Sources */ = {isa = PBXBuildFile; fileRef = C8A59F4929FB132000C0B541 /* WebTech_HW9App.swift */; };
		C8A59F4C29FB132000C0B541 /* ContentView.swift in Sources */ = {isa = PBXBuildFile; fileRef = C8A59F4B29FB132000C0B541 /* ContentView.swift */; };
		C8A59F4E29FB132100C0B541 /* Assets.xcassets in Resources */ = {isa = PBXBuildFile; fileRef = C8A59F4D29FB132100C0B541 /* Assets.xcassets */; };
		C8A59F5229FB132100C0B541 /* Preview Assets.xcassets in Resources */ = {isa = PBXBuildFile; fileRef = C8A59F5129FB132100C0B541 /* Preview Assets.xcassets */; };
		C8A59F5C29FB132200C0B541 /* WebTech_HW9Tests.swift in Sources */ = {isa = PBXBuildFile; fileRef = C8A59F5B29FB132200C0B541 /* WebTech_HW9Tests.swift */; };
		C8A59F6629FB132200C0B541 /* WebTech_HW9UITests.swift in Sources */ = {isa = PBXBuildFile; fileRef = C8A59F6529FB132200C0B541 /* WebTech_HW9UITests.swift */; };
		C8A59F6829FB132200C0B541 /* WebTech_HW9UITestsLaunchTests.swift in Sources */ = {isa = PBXBuildFile; fileRef = C8A59F6729FB132200C0B541 /* WebTech_HW9UITestsLaunchTests.swift */; };
		C8A59F7529FB876700C0B541 /* AutocompleteViewModel.swift in Sources */ = {isa = PBXBuildFile; fileRef = C8A59F7429FB876700C0B541 /* AutocompleteViewModel.swift */; };
		C8A649B92A017473006EE22E /* VenueViewModel.swift in Sources */ = {isa = PBXBuildFile; fileRef = C8A649B82A017473006EE22E /* VenueViewModel.swift */; };
		C8A649BB2A018AC2006EE22E /* MapView.swift in Sources */ = {isa = PBXBuildFile; fileRef = C8A649BA2A018AC2006EE22E /* MapView.swift */; };
		C8A649BD2A02098D006EE22E /* FavoriteView.swift in Sources */ = {isa = PBXBuildFile; fileRef = C8A649BC2A02098D006EE22E /* FavoriteView.swift */; };
		C8A649BF2A02C7C1006EE22E /* SplashScreenView.swift in Sources */ = {isa = PBXBuildFile; fileRef = C8A649BE2A02C7C1006EE22E /* SplashScreenView.swift */; };
		C8A97BB32A02F25800C398FA /* Toast.swift in Sources */ = {isa = PBXBuildFile; fileRef = C8A97BB22A02F25800C398FA /* Toast.swift */; };
		C8AF781E29FC381400402950 /* AutocompleteView.swift in Sources */ = {isa = PBXBuildFile; fileRef = C8AF781D29FC381400402950 /* AutocompleteView.swift */; };
		C8AF782029FCBC1900402950 /* ResultsTableView.swift in Sources */ = {isa = PBXBuildFile; fileRef = C8AF781F29FCBC1900402950 /* ResultsTableView.swift */; };
		C8AF782229FCBC7B00402950 /* ResultsTableViewModel.swift in Sources */ = {isa = PBXBuildFile; fileRef = C8AF782129FCBC7B00402950 /* ResultsTableViewModel.swift */; };
		C8AF782429FCCE5200402950 /* LocationModel.swift in Sources */ = {isa = PBXBuildFile; fileRef = C8AF782329FCCE5200402950 /* LocationModel.swift */; };
		C8AF782629FCD3B700402950 /* IpInfoModel.swift in Sources */ = {isa = PBXBuildFile; fileRef = C8AF782529FCD3B700402950 /* IpInfoModel.swift */; };
		C8AF782829FCD7C100402950 /* GeocodeModel.swift in Sources */ = {isa = PBXBuildFile; fileRef = C8AF782729FCD7C100402950 /* GeocodeModel.swift */; };
		C8AF782A29FD0B0C00402950 /* EventInfoTabView.swift in Sources */ = {isa = PBXBuildFile; fileRef = C8AF782929FD0B0C00402950 /* EventInfoTabView.swift */; };
		C8AF782E29FE3FF000402950 /* ArtistsTabView.swift in Sources */ = {isa = PBXBuildFile; fileRef = C8AF782D29FE3FF000402950 /* ArtistsTabView.swift */; };
		C8AF783429FE407700402950 /* VenueDetailsTabView.swift in Sources */ = {isa = PBXBuildFile; fileRef = C8AF783329FE407700402950 /* VenueDetailsTabView.swift */; };
		C8AF783629FE41A200402950 /* ThreeTabView.swift in Sources */ = {isa = PBXBuildFile; fileRef = C8AF783529FE41A200402950 /* ThreeTabView.swift */; };
		C8AF783829FE448600402950 /* EventInfoViewModel.swift in Sources */ = {isa = PBXBuildFile; fileRef = C8AF783729FE448600402950 /* EventInfoViewModel.swift */; };
		C8AF783B29FF661500402950 /* Kingfisher in Frameworks */ = {isa = PBXBuildFile; productRef = C8AF783A29FF661500402950 /* Kingfisher */; };
		C8AF783D29FF8D0700402950 /* ArtistViewModel.swift in Sources */ = {isa = PBXBuildFile; fileRef = C8AF783C29FF8D0700402950 /* ArtistViewModel.swift */; };
		C8AF783F29FF960800402950 /* ArtistView.swift in Sources */ = {isa = PBXBuildFile; fileRef = C8AF783E29FF960800402950 /* ArtistView.swift */; };
		C8AF78412A00629300402950 /* ProgressBar.swift in Sources */ = {isa = PBXBuildFile; fileRef = C8AF78402A00629300402950 /* ProgressBar.swift */; };
/* End PBXBuildFile section */

/* Begin PBXContainerItemProxy section */
		C8A59F5829FB132200C0B541 /* PBXContainerItemProxy */ = {
			isa = PBXContainerItemProxy;
			containerPortal = C8A59F3E29FB132000C0B541 /* Project object */;
			proxyType = 1;
			remoteGlobalIDString = C8A59F4529FB132000C0B541;
			remoteInfo = WebTech_HW9;
		};
		C8A59F6229FB132200C0B541 /* PBXContainerItemProxy */ = {
			isa = PBXContainerItemProxy;
			containerPortal = C8A59F3E29FB132000C0B541 /* Project object */;
			proxyType = 1;
			remoteGlobalIDString = C8A59F4529FB132000C0B541;
			remoteInfo = WebTech_HW9;
		};
/* End PBXContainerItemProxy section */

/* Begin PBXFileReference section */
		C8A59F4629FB132000C0B541 /* WebTech_HW9.app */ = {isa = PBXFileReference; explicitFileType = wrapper.application; includeInIndex = 0; path = WebTech_HW9.app; sourceTree = BUILT_PRODUCTS_DIR; };
		C8A59F4929FB132000C0B541 /* WebTech_HW9App.swift */ = {isa = PBXFileReference; lastKnownFileType = sourcecode.swift; path = WebTech_HW9App.swift; sourceTree = "<group>"; };
		C8A59F4B29FB132000C0B541 /* ContentView.swift */ = {isa = PBXFileReference; lastKnownFileType = sourcecode.swift; path = ContentView.swift; sourceTree = "<group>"; };
		C8A59F4D29FB132100C0B541 /* Assets.xcassets */ = {isa = PBXFileReference; lastKnownFileType = folder.assetcatalog; path = Assets.xcassets; sourceTree = "<group>"; };
		C8A59F4F29FB132100C0B541 /* WebTech_HW9.entitlements */ = {isa = PBXFileReference; lastKnownFileType = text.plist.entitlements; path = WebTech_HW9.entitlements; sourceTree = "<group>"; };
		C8A59F5129FB132100C0B541 /* Preview Assets.xcassets */ = {isa = PBXFileReference; lastKnownFileType = folder.assetcatalog; path = "Preview Assets.xcassets"; sourceTree = "<group>"; };
		C8A59F5729FB132200C0B541 /* WebTech_HW9Tests.xctest */ = {isa = PBXFileReference; explicitFileType = wrapper.cfbundle; includeInIndex = 0; path = WebTech_HW9Tests.xctest; sourceTree = BUILT_PRODUCTS_DIR; };
		C8A59F5B29FB132200C0B541 /* WebTech_HW9Tests.swift */ = {isa = PBXFileReference; lastKnownFileType = sourcecode.swift; path = WebTech_HW9Tests.swift; sourceTree = "<group>"; };
		C8A59F6129FB132200C0B541 /* WebTech_HW9UITests.xctest */ = {isa = PBXFileReference; explicitFileType = wrapper.cfbundle; includeInIndex = 0; path = WebTech_HW9UITests.xctest; sourceTree = BUILT_PRODUCTS_DIR; };
		C8A59F6529FB132200C0B541 /* WebTech_HW9UITests.swift */ = {isa = PBXFileReference; lastKnownFileType = sourcecode.swift; path = WebTech_HW9UITests.swift; sourceTree = "<group>"; };
		C8A59F6729FB132200C0B541 /* WebTech_HW9UITestsLaunchTests.swift */ = {isa = PBXFileReference; lastKnownFileType = sourcecode.swift; path = WebTech_HW9UITestsLaunchTests.swift; sourceTree = "<group>"; };
		C8A59F7429FB876700C0B541 /* AutocompleteViewModel.swift */ = {isa = PBXFileReference; lastKnownFileType = sourcecode.swift; path = AutocompleteViewModel.swift; sourceTree = "<group>"; };
		C8A649B82A017473006EE22E /* VenueViewModel.swift */ = {isa = PBXFileReference; lastKnownFileType = sourcecode.swift; path = VenueViewModel.swift; sourceTree = "<group>"; };
		C8A649BA2A018AC2006EE22E /* MapView.swift */ = {isa = PBXFileReference; lastKnownFileType = sourcecode.swift; path = MapView.swift; sourceTree = "<group>"; };
		C8A649BC2A02098D006EE22E /* FavoriteView.swift */ = {isa = PBXFileReference; lastKnownFileType = sourcecode.swift; path = FavoriteView.swift; sourceTree = "<group>"; };
		C8A649BE2A02C7C1006EE22E /* SplashScreenView.swift */ = {isa = PBXFileReference; lastKnownFileType = sourcecode.swift; path = SplashScreenView.swift; sourceTree = "<group>"; };
		C8A97BB22A02F25800C398FA /* Toast.swift */ = {isa = PBXFileReference; lastKnownFileType = sourcecode.swift; path = Toast.swift; sourceTree = "<group>"; };
		C8AF781D29FC381400402950 /* AutocompleteView.swift */ = {isa = PBXFileReference; lastKnownFileType = sourcecode.swift; path = AutocompleteView.swift; sourceTree = "<group>"; };
		C8AF781F29FCBC1900402950 /* ResultsTableView.swift */ = {isa = PBXFileReference; lastKnownFileType = sourcecode.swift; path = ResultsTableView.swift; sourceTree = "<group>"; };
		C8AF782129FCBC7B00402950 /* ResultsTableViewModel.swift */ = {isa = PBXFileReference; lastKnownFileType = sourcecode.swift; path = ResultsTableViewModel.swift; sourceTree = "<group>"; };
		C8AF782329FCCE5200402950 /* LocationModel.swift */ = {isa = PBXFileReference; lastKnownFileType = sourcecode.swift; path = LocationModel.swift; sourceTree = "<group>"; };
		C8AF782529FCD3B700402950 /* IpInfoModel.swift */ = {isa = PBXFileReference; lastKnownFileType = sourcecode.swift; path = IpInfoModel.swift; sourceTree = "<group>"; };
		C8AF782729FCD7C100402950 /* GeocodeModel.swift */ = {isa = PBXFileReference; lastKnownFileType = sourcecode.swift; path = GeocodeModel.swift; sourceTree = "<group>"; };
		C8AF782929FD0B0C00402950 /* EventInfoTabView.swift */ = {isa = PBXFileReference; lastKnownFileType = sourcecode.swift; path = EventInfoTabView.swift; sourceTree = "<group>"; };
		C8AF782D29FE3FF000402950 /* ArtistsTabView.swift */ = {isa = PBXFileReference; lastKnownFileType = sourcecode.swift; path = ArtistsTabView.swift; sourceTree = "<group>"; };
		C8AF783329FE407700402950 /* VenueDetailsTabView.swift */ = {isa = PBXFileReference; lastKnownFileType = sourcecode.swift; path = VenueDetailsTabView.swift; sourceTree = "<group>"; };
		C8AF783529FE41A200402950 /* ThreeTabView.swift */ = {isa = PBXFileReference; lastKnownFileType = sourcecode.swift; path = ThreeTabView.swift; sourceTree = "<group>"; };
		C8AF783729FE448600402950 /* EventInfoViewModel.swift */ = {isa = PBXFileReference; lastKnownFileType = sourcecode.swift; path = EventInfoViewModel.swift; sourceTree = "<group>"; };
		C8AF783C29FF8D0700402950 /* ArtistViewModel.swift */ = {isa = PBXFileReference; lastKnownFileType = sourcecode.swift; path = ArtistViewModel.swift; sourceTree = "<group>"; };
		C8AF783E29FF960800402950 /* ArtistView.swift */ = {isa = PBXFileReference; lastKnownFileType = sourcecode.swift; path = ArtistView.swift; sourceTree = "<group>"; };
		C8AF78402A00629300402950 /* ProgressBar.swift */ = {isa = PBXFileReference; lastKnownFileType = sourcecode.swift; path = ProgressBar.swift; sourceTree = "<group>"; };
/* End PBXFileReference section */

/* Begin PBXFrameworksBuildPhase section */
		C8A59F4329FB132000C0B541 /* Frameworks */ = {
			isa = PBXFrameworksBuildPhase;
			buildActionMask = 2147483647;
			files = (
				C8AF783B29FF661500402950 /* Kingfisher in Frameworks */,
			);
			runOnlyForDeploymentPostprocessing = 0;
		};
		C8A59F5429FB132200C0B541 /* Frameworks */ = {
			isa = PBXFrameworksBuildPhase;
			buildActionMask = 2147483647;
			files = (
			);
			runOnlyForDeploymentPostprocessing = 0;
		};
		C8A59F5E29FB132200C0B541 /* Frameworks */ = {
			isa = PBXFrameworksBuildPhase;
			buildActionMask = 2147483647;
			files = (
			);
			runOnlyForDeploymentPostprocessing = 0;
		};
/* End PBXFrameworksBuildPhase section */

/* Begin PBXGroup section */
		C8A59F3D29FB132000C0B541 = {
			isa = PBXGroup;
			children = (
				C8A59F4829FB132000C0B541 /* WebTech_HW9 */,
				C8A59F5A29FB132200C0B541 /* WebTech_HW9Tests */,
				C8A59F6429FB132200C0B541 /* WebTech_HW9UITests */,
				C8A59F4729FB132000C0B541 /* Products */,
			);
			sourceTree = "<group>";
		};
		C8A59F4729FB132000C0B541 /* Products */ = {
			isa = PBXGroup;
			children = (
				C8A59F4629FB132000C0B541 /* WebTech_HW9.app */,
				C8A59F5729FB132200C0B541 /* WebTech_HW9Tests.xctest */,
				C8A59F6129FB132200C0B541 /* WebTech_HW9UITests.xctest */,
			);
			name = Products;
			sourceTree = "<group>";
		};
		C8A59F4829FB132000C0B541 /* WebTech_HW9 */ = {
			isa = PBXGroup;
			children = (
				C8A59F4929FB132000C0B541 /* WebTech_HW9App.swift */,
				C8A59F4B29FB132000C0B541 /* ContentView.swift */,
				C8A59F7429FB876700C0B541 /* AutocompleteViewModel.swift */,
				C8AF781D29FC381400402950 /* AutocompleteView.swift */,
				C8AF782129FCBC7B00402950 /* ResultsTableViewModel.swift */,
				C8AF781F29FCBC1900402950 /* ResultsTableView.swift */,
				C8AF782329FCCE5200402950 /* LocationModel.swift */,
				C8AF782529FCD3B700402950 /* IpInfoModel.swift */,
				C8AF782729FCD7C100402950 /* GeocodeModel.swift */,
				C8AF783529FE41A200402950 /* ThreeTabView.swift */,
				C8AF782929FD0B0C00402950 /* EventInfoTabView.swift */,
				C8AF783729FE448600402950 /* EventInfoViewModel.swift */,
				C8AF782D29FE3FF000402950 /* ArtistsTabView.swift */,
				C8AF783E29FF960800402950 /* ArtistView.swift */,
				C8AF783C29FF8D0700402950 /* ArtistViewModel.swift */,
				C8AF783329FE407700402950 /* VenueDetailsTabView.swift */,
				C8A649B82A017473006EE22E /* VenueViewModel.swift */,
				C8AF78402A00629300402950 /* ProgressBar.swift */,
				C8A649BA2A018AC2006EE22E /* MapView.swift */,
				C8A649BC2A02098D006EE22E /* FavoriteView.swift */,
				C8A649BE2A02C7C1006EE22E /* SplashScreenView.swift */,
				C8A97BB22A02F25800C398FA /* Toast.swift */,
				C8A59F4D29FB132100C0B541 /* Assets.xcassets */,
				C8A59F4F29FB132100C0B541 /* WebTech_HW9.entitlements */,
				C8A59F5029FB132100C0B541 /* Preview Content */,
			);
			path = WebTech_HW9;
			sourceTree = "<group>";
		};
		C8A59F5029FB132100C0B541 /* Preview Content */ = {
			isa = PBXGroup;
			children = (
				C8A59F5129FB132100C0B541 /* Preview Assets.xcassets */,
			);
			path = "Preview Content";
			sourceTree = "<group>";
		};
		C8A59F5A29FB132200C0B541 /* WebTech_HW9Tests */ = {
			isa = PBXGroup;
			children = (
				C8A59F5B29FB132200C0B541 /* WebTech_HW9Tests.swift */,
			);
			path = WebTech_HW9Tests;
			sourceTree = "<group>";
		};
		C8A59F6429FB132200C0B541 /* WebTech_HW9UITests */ = {
			isa = PBXGroup;
			children = (
				C8A59F6529FB132200C0B541 /* WebTech_HW9UITests.swift */,
				C8A59F6729FB132200C0B541 /* WebTech_HW9UITestsLaunchTests.swift */,
			);
			path = WebTech_HW9UITests;
			sourceTree = "<group>";
		};
/* End PBXGroup section */

/* Begin PBXNativeTarget section */
		C8A59F4529FB132000C0B541 /* WebTech_HW9 */ = {
			isa = PBXNativeTarget;
			buildConfigurationList = C8A59F6B29FB132200C0B541 /* Build configuration list for PBXNativeTarget "WebTech_HW9" */;
			buildPhases = (
				C8A59F4229FB132000C0B541 /* Sources */,
				C8A59F4329FB132000C0B541 /* Frameworks */,
				C8A59F4429FB132000C0B541 /* Resources */,
			);
			buildRules = (
			);
			dependencies = (
			);
			name = WebTech_HW9;
			packageProductDependencies = (
				C8AF783A29FF661500402950 /* Kingfisher */,
			);
			productName = WebTech_HW9;
			productReference = C8A59F4629FB132000C0B541 /* WebTech_HW9.app */;
			productType = "com.apple.product-type.application";
		};
		C8A59F5629FB132200C0B541 /* WebTech_HW9Tests */ = {
			isa = PBXNativeTarget;
			buildConfigurationList = C8A59F6E29FB132200C0B541 /* Build configuration list for PBXNativeTarget "WebTech_HW9Tests" */;
			buildPhases = (
				C8A59F5329FB132200C0B541 /* Sources */,
				C8A59F5429FB132200C0B541 /* Frameworks */,
				C8A59F5529FB132200C0B541 /* Resources */,
			);
			buildRules = (
			);
			dependencies = (
				C8A59F5929FB132200C0B541 /* PBXTargetDependency */,
			);
			name = WebTech_HW9Tests;
			productName = WebTech_HW9Tests;
			productReference = C8A59F5729FB132200C0B541 /* WebTech_HW9Tests.xctest */;
			productType = "com.apple.product-type.bundle.unit-test";
		};
		C8A59F6029FB132200C0B541 /* WebTech_HW9UITests */ = {
			isa = PBXNativeTarget;
			buildConfigurationList = C8A59F7129FB132200C0B541 /* Build configuration list for PBXNativeTarget "WebTech_HW9UITests" */;
			buildPhases = (
				C8A59F5D29FB132200C0B541 /* Sources */,
				C8A59F5E29FB132200C0B541 /* Frameworks */,
				C8A59F5F29FB132200C0B541 /* Resources */,
			);
			buildRules = (
			);
			dependencies = (
				C8A59F6329FB132200C0B541 /* PBXTargetDependency */,
			);
			name = WebTech_HW9UITests;
			productName = WebTech_HW9UITests;
			productReference = C8A59F6129FB132200C0B541 /* WebTech_HW9UITests.xctest */;
			productType = "com.apple.product-type.bundle.ui-testing";
		};
/* End PBXNativeTarget section */

/* Begin PBXProject section */
		C8A59F3E29FB132000C0B541 /* Project object */ = {
			isa = PBXProject;
			attributes = {
				BuildIndependentTargetsInParallel = 1;
				LastSwiftUpdateCheck = 1430;
				LastUpgradeCheck = 1430;
				TargetAttributes = {
					C8A59F4529FB132000C0B541 = {
						CreatedOnToolsVersion = 14.3;
					};
					C8A59F5629FB132200C0B541 = {
						CreatedOnToolsVersion = 14.3;
						TestTargetID = C8A59F4529FB132000C0B541;
					};
					C8A59F6029FB132200C0B541 = {
						CreatedOnToolsVersion = 14.3;
						TestTargetID = C8A59F4529FB132000C0B541;
					};
				};
			};
			buildConfigurationList = C8A59F4129FB132000C0B541 /* Build configuration list for PBXProject "WebTech_HW9" */;
			compatibilityVersion = "Xcode 14.0";
			developmentRegion = en;
			hasScannedForEncodings = 0;
			knownRegions = (
				en,
				Base,
			);
			mainGroup = C8A59F3D29FB132000C0B541;
			packageReferences = (
				C8AF783929FF661500402950 /* XCRemoteSwiftPackageReference "Kingfisher" */,
			);
			productRefGroup = C8A59F4729FB132000C0B541 /* Products */;
			projectDirPath = "";
			projectRoot = "";
			targets = (
				C8A59F4529FB132000C0B541 /* WebTech_HW9 */,
				C8A59F5629FB132200C0B541 /* WebTech_HW9Tests */,
				C8A59F6029FB132200C0B541 /* WebTech_HW9UITests */,
			);
		};
/* End PBXProject section */

/* Begin PBXResourcesBuildPhase section */
		C8A59F4429FB132000C0B541 /* Resources */ = {
			isa = PBXResourcesBuildPhase;
			buildActionMask = 2147483647;
			files = (
				C8A59F5229FB132100C0B541 /* Preview Assets.xcassets in Resources */,
				C8A59F4E29FB132100C0B541 /* Assets.xcassets in Resources */,
			);
			runOnlyForDeploymentPostprocessing = 0;
		};
		C8A59F5529FB132200C0B541 /* Resources */ = {
			isa = PBXResourcesBuildPhase;
			buildActionMask = 2147483647;
			files = (
			);
			runOnlyForDeploymentPostprocessing = 0;
		};
		C8A59F5F29FB132200C0B541 /* Resources */ = {
			isa = PBXResourcesBuildPhase;
			buildActionMask = 2147483647;
			files = (
			);
			runOnlyForDeploymentPostprocessing = 0;
		};
/* End PBXResourcesBuildPhase section */

/* Begin PBXSourcesBuildPhase section */
		C8A59F4229FB132000C0B541 /* Sources */ = {
			isa = PBXSourcesBuildPhase;
			buildActionMask = 2147483647;
			files = (
				C8AF783D29FF8D0700402950 /* ArtistViewModel.swift in Sources */,
				C8AF78412A00629300402950 /* ProgressBar.swift in Sources */,
				C8A59F4C29FB132000C0B541 /* ContentView.swift in Sources */,
				C8AF783829FE448600402950 /* EventInfoViewModel.swift in Sources */,
				C8AF782029FCBC1900402950 /* ResultsTableView.swift in Sources */,
				C8AF783429FE407700402950 /* VenueDetailsTabView.swift in Sources */,
				C8AF782629FCD3B700402950 /* IpInfoModel.swift in Sources */,
				C8AF782A29FD0B0C00402950 /* EventInfoTabView.swift in Sources */,
				C8A649BD2A02098D006EE22E /* FavoriteView.swift in Sources */,
				C8A59F7529FB876700C0B541 /* AutocompleteViewModel.swift in Sources */,
				C8AF781E29FC381400402950 /* AutocompleteView.swift in Sources */,
				C8AF782229FCBC7B00402950 /* ResultsTableViewModel.swift in Sources */,
				C8AF782829FCD7C100402950 /* GeocodeModel.swift in Sources */,
				C8AF783629FE41A200402950 /* ThreeTabView.swift in Sources */,
				C8A649BF2A02C7C1006EE22E /* SplashScreenView.swift in Sources */,
				C8AF782429FCCE5200402950 /* LocationModel.swift in Sources */,
				C8AF783F29FF960800402950 /* ArtistView.swift in Sources */,
				C8A649BB2A018AC2006EE22E /* MapView.swift in Sources */,
				C8AF782E29FE3FF000402950 /* ArtistsTabView.swift in Sources */,
				C8A97BB32A02F25800C398FA /* Toast.swift in Sources */,
				C8A649B92A017473006EE22E /* VenueViewModel.swift in Sources */,
				C8A59F4A29FB132000C0B541 /* WebTech_HW9App.swift in Sources */,
			);
			runOnlyForDeploymentPostprocessing = 0;
		};
		C8A59F5329FB132200C0B541 /* Sources */ = {
			isa = PBXSourcesBuildPhase;
			buildActionMask = 2147483647;
			files = (
				C8A59F5C29FB132200C0B541 /* WebTech_HW9Tests.swift in Sources */,
			);
			runOnlyForDeploymentPostprocessing = 0;
		};
		C8A59F5D29FB132200C0B541 /* Sources */ = {
			isa = PBXSourcesBuildPhase;
			buildActionMask = 2147483647;
			files = (
				C8A59F6829FB132200C0B541 /* WebTech_HW9UITestsLaunchTests.swift in Sources */,
				C8A59F6629FB132200C0B541 /* WebTech_HW9UITests.swift in Sources */,
			);
			runOnlyForDeploymentPostprocessing = 0;
		};
/* End PBXSourcesBuildPhase section */

/* Begin PBXTargetDependency section */
		C8A59F5929FB132200C0B541 /* PBXTargetDependency */ = {
			isa = PBXTargetDependency;
			target = C8A59F4529FB132000C0B541 /* WebTech_HW9 */;
			targetProxy = C8A59F5829FB132200C0B541 /* PBXContainerItemProxy */;
		};
		C8A59F6329FB132200C0B541 /* PBXTargetDependency */ = {
			isa = PBXTargetDependency;
			target = C8A59F4529FB132000C0B541 /* WebTech_HW9 */;
			targetProxy = C8A59F6229FB132200C0B541 /* PBXContainerItemProxy */;
		};
/* End PBXTargetDependency section */

/* Begin XCBuildConfiguration section */
		C8A59F6929FB132200C0B541 /* Debug */ = {
			isa = XCBuildConfiguration;
			buildSettings = {
				ALWAYS_SEARCH_USER_PATHS = NO;
				CLANG_ANALYZER_NONNULL = YES;
				CLANG_ANALYZER_NUMBER_OBJECT_CONVERSION = YES_AGGRESSIVE;
				CLANG_CXX_LANGUAGE_STANDARD = "gnu++20";
				CLANG_ENABLE_MODULES = YES;
				CLANG_ENABLE_OBJC_ARC = YES;
				CLANG_ENABLE_OBJC_WEAK = YES;
				CLANG_WARN_BLOCK_CAPTURE_AUTORELEASING = YES;
				CLANG_WARN_BOOL_CONVERSION = YES;
				CLANG_WARN_COMMA = YES;
				CLANG_WARN_CONSTANT_CONVERSION = YES;
				CLANG_WARN_DEPRECATED_OBJC_IMPLEMENTATIONS = YES;
				CLANG_WARN_DIRECT_OBJC_ISA_USAGE = YES_ERROR;
				CLANG_WARN_DOCUMENTATION_COMMENTS = YES;
				CLANG_WARN_EMPTY_BODY = YES;
				CLANG_WARN_ENUM_CONVERSION = YES;
				CLANG_WARN_INFINITE_RECURSION = YES;
				CLANG_WARN_INT_CONVERSION = YES;
				CLANG_WARN_NON_LITERAL_NULL_CONVERSION = YES;
				CLANG_WARN_OBJC_IMPLICIT_RETAIN_SELF = YES;
				CLANG_WARN_OBJC_LITERAL_CONVERSION = YES;
				CLANG_WARN_OBJC_ROOT_CLASS = YES_ERROR;
				CLANG_WARN_QUOTED_INCLUDE_IN_FRAMEWORK_HEADER = YES;
				CLANG_WARN_RANGE_LOOP_ANALYSIS = YES;
				CLANG_WARN_STRICT_PROTOTYPES = YES;
				CLANG_WARN_SUSPICIOUS_MOVE = YES;
				CLANG_WARN_UNGUARDED_AVAILABILITY = YES_AGGRESSIVE;
				CLANG_WARN_UNREACHABLE_CODE = YES;
				CLANG_WARN__DUPLICATE_METHOD_MATCH = YES;
				COPY_PHASE_STRIP = NO;
				DEBUG_INFORMATION_FORMAT = dwarf;
				ENABLE_STRICT_OBJC_MSGSEND = YES;
				ENABLE_TESTABILITY = YES;
				GCC_C_LANGUAGE_STANDARD = gnu11;
				GCC_DYNAMIC_NO_PIC = NO;
				GCC_NO_COMMON_BLOCKS = YES;
				GCC_OPTIMIZATION_LEVEL = 0;
				GCC_PREPROCESSOR_DEFINITIONS = (
					"DEBUG=1",
					"$(inherited)",
				);
				GCC_WARN_64_TO_32_BIT_CONVERSION = YES;
				GCC_WARN_ABOUT_RETURN_TYPE = YES_ERROR;
				GCC_WARN_UNDECLARED_SELECTOR = YES;
				GCC_WARN_UNINITIALIZED_AUTOS = YES_AGGRESSIVE;
				GCC_WARN_UNUSED_FUNCTION = YES;
				GCC_WARN_UNUSED_VARIABLE = YES;
				MTL_ENABLE_DEBUG_INFO = INCLUDE_SOURCE;
				MTL_FAST_MATH = YES;
				ONLY_ACTIVE_ARCH = YES;
				SWIFT_ACTIVE_COMPILATION_CONDITIONS = DEBUG;
				SWIFT_OPTIMIZATION_LEVEL = "-Onone";
			};
			name = Debug;
		};
		C8A59F6A29FB132200C0B541 /* Release */ = {
			isa = XCBuildConfiguration;
			buildSettings = {
				ALWAYS_SEARCH_USER_PATHS = NO;
				CLANG_ANALYZER_NONNULL = YES;
				CLANG_ANALYZER_NUMBER_OBJECT_CONVERSION = YES_AGGRESSIVE;
				CLANG_CXX_LANGUAGE_STANDARD = "gnu++20";
				CLANG_ENABLE_MODULES = YES;
				CLANG_ENABLE_OBJC_ARC = YES;
				CLANG_ENABLE_OBJC_WEAK = YES;
				CLANG_WARN_BLOCK_CAPTURE_AUTORELEASING = YES;
				CLANG_WARN_BOOL_CONVERSION = YES;
				CLANG_WARN_COMMA = YES;
				CLANG_WARN_CONSTANT_CONVERSION = YES;
				CLANG_WARN_DEPRECATED_OBJC_IMPLEMENTATIONS = YES;
				CLANG_WARN_DIRECT_OBJC_ISA_USAGE = YES_ERROR;
				CLANG_WARN_DOCUMENTATION_COMMENTS = YES;
				CLANG_WARN_EMPTY_BODY = YES;
				CLANG_WARN_ENUM_CONVERSION = YES;
				CLANG_WARN_INFINITE_RECURSION = YES;
				CLANG_WARN_INT_CONVERSION = YES;
				CLANG_WARN_NON_LITERAL_NULL_CONVERSION = YES;
				CLANG_WARN_OBJC_IMPLICIT_RETAIN_SELF = YES;
				CLANG_WARN_OBJC_LITERAL_CONVERSION = YES;
				CLANG_WARN_OBJC_ROOT_CLASS = YES_ERROR;
				CLANG_WARN_QUOTED_INCLUDE_IN_FRAMEWORK_HEADER = YES;
				CLANG_WARN_RANGE_LOOP_ANALYSIS = YES;
				CLANG_WARN_STRICT_PROTOTYPES = YES;
				CLANG_WARN_SUSPICIOUS_MOVE = YES;
				CLANG_WARN_UNGUARDED_AVAILABILITY = YES_AGGRESSIVE;
				CLANG_WARN_UNREACHABLE_CODE = YES;
				CLANG_WARN__DUPLICATE_METHOD_MATCH = YES;
				COPY_PHASE_STRIP = NO;
				DEBUG_INFORMATION_FORMAT = "dwarf-with-dsym";
				ENABLE_NS_ASSERTIONS = NO;
				ENABLE_STRICT_OBJC_MSGSEND = YES;
				GCC_C_LANGUAGE_STANDARD = gnu11;
				GCC_NO_COMMON_BLOCKS = YES;
				GCC_WARN_64_TO_32_BIT_CONVERSION = YES;
				GCC_WARN_ABOUT_RETURN_TYPE = YES_ERROR;
				GCC_WARN_UNDECLARED_SELECTOR = YES;
				GCC_WARN_UNINITIALIZED_AUTOS = YES_AGGRESSIVE;
				GCC_WARN_UNUSED_FUNCTION = YES;
				GCC_WARN_UNUSED_VARIABLE = YES;
				MTL_ENABLE_DEBUG_INFO = NO;
				MTL_FAST_MATH = YES;
				SWIFT_COMPILATION_MODE = wholemodule;
				SWIFT_OPTIMIZATION_LEVEL = "-O";
			};
			name = Release;
		};
		C8A59F6C29FB132200C0B541 /* Debug */ = {
			isa = XCBuildConfiguration;
			buildSettings = {
				ASSETCATALOG_COMPILER_APPICON_NAME = AppIcon;
				ASSETCATALOG_COMPILER_GLOBAL_ACCENT_COLOR_NAME = AccentColor;
				CODE_SIGN_ENTITLEMENTS = WebTech_HW9/WebTech_HW9.entitlements;
				CODE_SIGN_STYLE = Automatic;
				CURRENT_PROJECT_VERSION = 1;
				DEVELOPMENT_ASSET_PATHS = "\"WebTech_HW9/Preview Content\"";
				DEVELOPMENT_TEAM = 5FJ527Z2S8;
				ENABLE_HARDENED_RUNTIME = YES;
				ENABLE_PREVIEWS = YES;
				GENERATE_INFOPLIST_FILE = YES;
				"INFOPLIST_KEY_UIApplicationSceneManifest_Generation[sdk=iphoneos*]" = YES;
				"INFOPLIST_KEY_UIApplicationSceneManifest_Generation[sdk=iphonesimulator*]" = YES;
				"INFOPLIST_KEY_UIApplicationSupportsIndirectInputEvents[sdk=iphoneos*]" = YES;
				"INFOPLIST_KEY_UIApplicationSupportsIndirectInputEvents[sdk=iphonesimulator*]" = YES;
				"INFOPLIST_KEY_UILaunchScreen_Generation[sdk=iphoneos*]" = YES;
				"INFOPLIST_KEY_UILaunchScreen_Generation[sdk=iphonesimulator*]" = YES;
				"INFOPLIST_KEY_UIStatusBarStyle[sdk=iphoneos*]" = UIStatusBarStyleDefault;
				"INFOPLIST_KEY_UIStatusBarStyle[sdk=iphonesimulator*]" = UIStatusBarStyleDefault;
				INFOPLIST_KEY_UISupportedInterfaceOrientations_iPad = "UIInterfaceOrientationPortrait UIInterfaceOrientationPortraitUpsideDown UIInterfaceOrientationLandscapeLeft UIInterfaceOrientationLandscapeRight";
				INFOPLIST_KEY_UISupportedInterfaceOrientations_iPhone = "UIInterfaceOrientationPortrait UIInterfaceOrientationLandscapeLeft UIInterfaceOrientationLandscapeRight";
				IPHONEOS_DEPLOYMENT_TARGET = 16.4;
				LD_RUNPATH_SEARCH_PATHS = "@executable_path/Frameworks";
				"LD_RUNPATH_SEARCH_PATHS[sdk=macosx*]" = "@executable_path/../Frameworks";
				MACOSX_DEPLOYMENT_TARGET = 13.1;
				MARKETING_VERSION = 1.0;
				PRODUCT_BUNDLE_IDENTIFIER = "makhtar.WebTech-HW9";
				PRODUCT_NAME = "$(TARGET_NAME)";
				SDKROOT = auto;
				SUPPORTED_PLATFORMS = "iphoneos iphonesimulator macosx";
				SWIFT_EMIT_LOC_STRINGS = YES;
				SWIFT_VERSION = 5.0;
				TARGETED_DEVICE_FAMILY = "1,2";
			};
			name = Debug;
		};
		C8A59F6D29FB132200C0B541 /* Release */ = {
			isa = XCBuildConfiguration;
			buildSettings = {
				ASSETCATALOG_COMPILER_APPICON_NAME = AppIcon;
				ASSETCATALOG_COMPILER_GLOBAL_ACCENT_COLOR_NAME = AccentColor;
				CODE_SIGN_ENTITLEMENTS = WebTech_HW9/WebTech_HW9.entitlements;
				CODE_SIGN_STYLE = Automatic;
				CURRENT_PROJECT_VERSION = 1;
				DEVELOPMENT_ASSET_PATHS = "\"WebTech_HW9/Preview Content\"";
				DEVELOPMENT_TEAM = 5FJ527Z2S8;
				ENABLE_HARDENED_RUNTIME = YES;
				ENABLE_PREVIEWS = YES;
				GENERATE_INFOPLIST_FILE = YES;
				"INFOPLIST_KEY_UIApplicationSceneManifest_Generation[sdk=iphoneos*]" = YES;
				"INFOPLIST_KEY_UIApplicationSceneManifest_Generation[sdk=iphonesimulator*]" = YES;
				"INFOPLIST_KEY_UIApplicationSupportsIndirectInputEvents[sdk=iphoneos*]" = YES;
				"INFOPLIST_KEY_UIApplicationSupportsIndirectInputEvents[sdk=iphonesimulator*]" = YES;
				"INFOPLIST_KEY_UILaunchScreen_Generation[sdk=iphoneos*]" = YES;
				"INFOPLIST_KEY_UILaunchScreen_Generation[sdk=iphonesimulator*]" = YES;
				"INFOPLIST_KEY_UIStatusBarStyle[sdk=iphoneos*]" = UIStatusBarStyleDefault;
				"INFOPLIST_KEY_UIStatusBarStyle[sdk=iphonesimulator*]" = UIStatusBarStyleDefault;
				INFOPLIST_KEY_UISupportedInterfaceOrientations_iPad = "UIInterfaceOrientationPortrait UIInterfaceOrientationPortraitUpsideDown UIInterfaceOrientationLandscapeLeft UIInterfaceOrientationLandscapeRight";
				INFOPLIST_KEY_UISupportedInterfaceOrientations_iPhone = "UIInterfaceOrientationPortrait UIInterfaceOrientationLandscapeLeft UIInterfaceOrientationLandscapeRight";
				IPHONEOS_DEPLOYMENT_TARGET = 16.4;
				LD_RUNPATH_SEARCH_PATHS = "@executable_path/Frameworks";
				"LD_RUNPATH_SEARCH_PATHS[sdk=macosx*]" = "@executable_path/../Frameworks";
				MACOSX_DEPLOYMENT_TARGET = 13.1;
				MARKETING_VERSION = 1.0;
				PRODUCT_BUNDLE_IDENTIFIER = "makhtar.WebTech-HW9";
				PRODUCT_NAME = "$(TARGET_NAME)";
				SDKROOT = auto;
				SUPPORTED_PLATFORMS = "iphoneos iphonesimulator macosx";
				SWIFT_EMIT_LOC_STRINGS = YES;
				SWIFT_VERSION = 5.0;
				TARGETED_DEVICE_FAMILY = "1,2";
			};
			name = Release;
		};
		C8A59F6F29FB132200C0B541 /* Debug */ = {
			isa = XCBuildConfiguration;
			buildSettings = {
				ALWAYS_EMBED_SWIFT_STANDARD_LIBRARIES = YES;
				BUNDLE_LOADER = "$(TEST_HOST)";
				CODE_SIGN_STYLE = Automatic;
				CURRENT_PROJECT_VERSION = 1;
				DEVELOPMENT_TEAM = 5FJ527Z2S8;
				GENERATE_INFOPLIST_FILE = YES;
				IPHONEOS_DEPLOYMENT_TARGET = 16.4;
				MACOSX_DEPLOYMENT_TARGET = 13.1;
				MARKETING_VERSION = 1.0;
				PRODUCT_BUNDLE_IDENTIFIER = "makhtar.WebTech-HW9Tests";
				PRODUCT_NAME = "$(TARGET_NAME)";
				SDKROOT = auto;
				SUPPORTED_PLATFORMS = "iphoneos iphonesimulator macosx";
				SWIFT_EMIT_LOC_STRINGS = NO;
				SWIFT_VERSION = 5.0;
				TARGETED_DEVICE_FAMILY = "1,2";
				TEST_HOST = "$(BUILT_PRODUCTS_DIR)/WebTech_HW9.app/$(BUNDLE_EXECUTABLE_FOLDER_PATH)/WebTech_HW9";
			};
			name = Debug;
		};
		C8A59F7029FB132200C0B541 /* Release */ = {
			isa = XCBuildConfiguration;
			buildSettings = {
				ALWAYS_EMBED_SWIFT_STANDARD_LIBRARIES = YES;
				BUNDLE_LOADER = "$(TEST_HOST)";
				CODE_SIGN_STYLE = Automatic;
				CURRENT_PROJECT_VERSION = 1;
				DEVELOPMENT_TEAM = 5FJ527Z2S8;
				GENERATE_INFOPLIST_FILE = YES;
				IPHONEOS_DEPLOYMENT_TARGET = 16.4;
				MACOSX_DEPLOYMENT_TARGET = 13.1;
				MARKETING_VERSION = 1.0;
				PRODUCT_BUNDLE_IDENTIFIER = "makhtar.WebTech-HW9Tests";
				PRODUCT_NAME = "$(TARGET_NAME)";
				SDKROOT = auto;
				SUPPORTED_PLATFORMS = "iphoneos iphonesimulator macosx";
				SWIFT_EMIT_LOC_STRINGS = NO;
				SWIFT_VERSION = 5.0;
				TARGETED_DEVICE_FAMILY = "1,2";
				TEST_HOST = "$(BUILT_PRODUCTS_DIR)/WebTech_HW9.app/$(BUNDLE_EXECUTABLE_FOLDER_PATH)/WebTech_HW9";
			};
			name = Release;
		};
		C8A59F7229FB132200C0B541 /* Debug */ = {
			isa = XCBuildConfiguration;
			buildSettings = {
				ALWAYS_EMBED_SWIFT_STANDARD_LIBRARIES = YES;
				CODE_SIGN_STYLE = Automatic;
				CURRENT_PROJECT_VERSION = 1;
				DEVELOPMENT_TEAM = 5FJ527Z2S8;
				GENERATE_INFOPLIST_FILE = YES;
				IPHONEOS_DEPLOYMENT_TARGET = 16.4;
				MACOSX_DEPLOYMENT_TARGET = 13.1;
				MARKETING_VERSION = 1.0;
				PRODUCT_BUNDLE_IDENTIFIER = "makhtar.WebTech-HW9UITests";
				PRODUCT_NAME = "$(TARGET_NAME)";
				SDKROOT = auto;
				SUPPORTED_PLATFORMS = "iphoneos iphonesimulator macosx";
				SWIFT_EMIT_LOC_STRINGS = NO;
				SWIFT_VERSION = 5.0;
				TARGETED_DEVICE_FAMILY = "1,2";
				TEST_TARGET_NAME = WebTech_HW9;
			};
			name = Debug;
		};
		C8A59F7329FB132200C0B541 /* Release */ = {
			isa = XCBuildConfiguration;
			buildSettings = {
				ALWAYS_EMBED_SWIFT_STANDARD_LIBRARIES = YES;
				CODE_SIGN_STYLE = Automatic;
				CURRENT_PROJECT_VERSION = 1;
				DEVELOPMENT_TEAM = 5FJ527Z2S8;
				GENERATE_INFOPLIST_FILE = YES;
				IPHONEOS_DEPLOYMENT_TARGET = 16.4;
				MACOSX_DEPLOYMENT_TARGET = 13.1;
				MARKETING_VERSION = 1.0;
				PRODUCT_BUNDLE_IDENTIFIER = "makhtar.WebTech-HW9UITests";
				PRODUCT_NAME = "$(TARGET_NAME)";
				SDKROOT = auto;
				SUPPORTED_PLATFORMS = "iphoneos iphonesimulator macosx";
				SWIFT_EMIT_LOC_STRINGS = NO;
				SWIFT_VERSION = 5.0;
				TARGETED_DEVICE_FAMILY = "1,2";
				TEST_TARGET_NAME = WebTech_HW9;
			};
			name = Release;
		};
/* End XCBuildConfiguration section */

/* Begin XCConfigurationList section */
		C8A59F4129FB132000C0B541 /* Build configuration list for PBXProject "WebTech_HW9" */ = {
			isa = XCConfigurationList;
			buildConfigurations = (
				C8A59F6929FB132200C0B541 /* Debug */,
				C8A59F6A29FB132200C0B541 /* Release */,
			);
			defaultConfigurationIsVisible = 0;
			defaultConfigurationName = Release;
		};
		C8A59F6B29FB132200C0B541 /* Build configuration list for PBXNativeTarget "WebTech_HW9" */ = {
			isa = XCConfigurationList;
			buildConfigurations = (
				C8A59F6C29FB132200C0B541 /* Debug */,
				C8A59F6D29FB132200C0B541 /* Release */,
			);
			defaultConfigurationIsVisible = 0;
			defaultConfigurationName = Release;
		};
		C8A59F6E29FB132200C0B541 /* Build configuration list for PBXNativeTarget "WebTech_HW9Tests" */ = {
			isa = XCConfigurationList;
			buildConfigurations = (
				C8A59F6F29FB132200C0B541 /* Debug */,
				C8A59F7029FB132200C0B541 /* Release */,
			);
			defaultConfigurationIsVisible = 0;
			defaultConfigurationName = Release;
		};
		C8A59F7129FB132200C0B541 /* Build configuration list for PBXNativeTarget "WebTech_HW9UITests" */ = {
			isa = XCConfigurationList;
			buildConfigurations = (
				C8A59F7229FB132200C0B541 /* Debug */,
				C8A59F7329FB132200C0B541 /* Release */,
			);
			defaultConfigurationIsVisible = 0;
			defaultConfigurationName = Release;
		};
/* End XCConfigurationList section */

/* Begin XCRemoteSwiftPackageReference section */
		C8AF783929FF661500402950 /* XCRemoteSwiftPackageReference "Kingfisher" */ = {
			isa = XCRemoteSwiftPackageReference;
			repositoryURL = "https://github.com/onevcat/Kingfisher.git";
			requirement = {
				kind = upToNextMajorVersion;
				minimumVersion = 7.0.0;
			};
		};
/* End XCRemoteSwiftPackageReference section */

/* Begin XCSwiftPackageProductDependency section */
		C8AF783A29FF661500402950 /* Kingfisher */ = {
			isa = XCSwiftPackageProductDependency;
			package = C8AF783929FF661500402950 /* XCRemoteSwiftPackageReference "Kingfisher" */;
			productName = Kingfisher;
		};
/* End XCSwiftPackageProductDependency section */
	};
	rootObject = C8A59F3E29FB132000C0B541 /* Project object */;
}
